
Microsoft Visual Studio Solution File, Format Version 12.00
# Visual Studio Version 17
VisualStudioVersion = 17.6.33801.468
MinimumVisualStudioVersion = 10.0.40219.1
Project("{FAE04EC0-301F-11D3-BF4B-00C04F79EFBC}") = "ToDo", "ToDo\ToDo.csproj", "{33ABCE99-A1CB-42F2-921E-2F4956BE21D8}"
EndProject
Global
	GlobalSection(SolutionConfigurationPlatforms) = preSolution
		Debug|Any CPU = Debug|Any CPU
		Release|Any CPU = Release|Any CPU
	EndGlobalSection
	GlobalSection(ProjectConfigurationPlatforms) = postSolution
		{33ABCE99-A1CB-42F2-921E-2F4956BE21D8}.Debug|Any CPU.ActiveCfg = Debug|Any CPU
		{33ABCE99-A1CB-42F2-921E-2F4956BE21D8}.Debug|Any CPU.Build.0 = Debug|Any CPU
		{33ABCE99-A1CB-42F2-921E-2F4956BE21D8}.Release|Any CPU.ActiveCfg = Release|Any CPU
		{33ABCE99-A1CB-42F2-921E-2F4956BE21D8}.Release|Any CPU.Build.0 = Release|Any CPU
	EndGlobalSection
	GlobalSection(SolutionProperties) = preSolution
		HideSolutionNode = FALSE
	EndGlobalSection
	GlobalSection(ExtensibilityGlobals) = postSolution
		SolutionGuid = {46113871-FF74-4C15-B998-C2811B9E1E41}
	EndGlobalSection
EndGlobal
